
Microsoft Visual Studio Solution File, Format Version 12.00
# Visual Studio Version 17
VisualStudioVersion = 17.6.33829.357
MinimumVisualStudioVersion = 10.0.40219.1
Project("{FAE04EC0-301F-11D3-BF4B-00C04F79EFBC}") = "Zombie-Arcade", "Zombie-Arcade\Zombie-Arcade.csproj", "{D7275FB6-6B4C-4153-BA2E-C71360CB2916}"
EndProject
Global
	GlobalSection(SolutionConfigurationPlatforms) = preSolution
		Debug|Any CPU = Debug|Any CPU
		Release|Any CPU = Release|Any CPU
	EndGlobalSection
	GlobalSection(ProjectConfigurationPlatforms) = postSolution
		{D7275FB6-6B4C-4153-BA2E-C71360CB2916}.Debug|Any CPU.ActiveCfg = Debug|Any CPU
		{D7275FB6-6B4C-4153-BA2E-C71360CB2916}.Debug|Any CPU.Build.0 = Debug|Any CPU
		{D7275FB6-6B4C-4153-BA2E-C71360CB2916}.Release|Any CPU.ActiveCfg = Release|Any CPU
		{D7275FB6-6B4C-4153-BA2E-C71360CB2916}.Release|Any CPU.Build.0 = Release|Any CPU
	EndGlobalSection
	GlobalSection(SolutionProperties) = preSolution
		HideSolutionNode = FALSE
	EndGlobalSection
	GlobalSection(ExtensibilityGlobals) = postSolution
		SolutionGuid = {3A939D01-D8B8-46FA-BE6C-D6E86D902DBF}
	EndGlobalSection
EndGlobal
